// !$*UTF8*$!
{
	archiveVersion = 1;
	classes = {
	};
	objectVersion = 50;
	objects = {

/* Begin PBXBuildFile section */
		4C9ADB0B233E60B800D4DD77 /* DevinoSDK.framework in Frameworks */ = {isa = PBXBuildFile; fileRef = 4C9ADB0A233E60B800D4DD77 /* DevinoSDK.framework */; };
		4C9ADB0C233E60EC00D4DD77 /* DevinoSDK.framework in Embed Frameworks */ = {isa = PBXBuildFile; fileRef = 4C9ADB0A233E60B800D4DD77 /* DevinoSDK.framework */; settings = {ATTRIBUTES = (CodeSignOnCopy, RemoveHeadersOnCopy, ); }; };
		6DB827AD20BF4A72005A3CBA /* AppDelegate.swift in Sources */ = {isa = PBXBuildFile; fileRef = 6DB827AC20BF4A72005A3CBA /* AppDelegate.swift */; };
		6DB827AF20BF4A72005A3CBA /* ViewController.swift in Sources */ = {isa = PBXBuildFile; fileRef = 6DB827AE20BF4A72005A3CBA /* ViewController.swift */; };
		6DB827B220BF4A72005A3CBA /* Main.storyboard in Resources */ = {isa = PBXBuildFile; fileRef = 6DB827B020BF4A72005A3CBA /* Main.storyboard */; };
		6DB827B420BF4A73005A3CBA /* Assets.xcassets in Resources */ = {isa = PBXBuildFile; fileRef = 6DB827B320BF4A73005A3CBA /* Assets.xcassets */; };
		6DB827B720BF4A73005A3CBA /* LaunchScreen.storyboard in Resources */ = {isa = PBXBuildFile; fileRef = 6DB827B520BF4A73005A3CBA /* LaunchScreen.storyboard */; };
/* End PBXBuildFile section */

/* Begin PBXCopyFilesBuildPhase section */
		039090AD210AFE6300AE6851 /* Embed Frameworks */ = {
			isa = PBXCopyFilesBuildPhase;
			buildActionMask = 2147483647;
			dstPath = "";
			dstSubfolderSpec = 10;
			files = (
				4C9ADB0C233E60EC00D4DD77 /* DevinoSDK.framework in Embed Frameworks */,
			);
			name = "Embed Frameworks";
			runOnlyForDeploymentPostprocessing = 0;
		};
		03BFB93120D79AC700C89B10 /* Embed App Extensions */ = {
			isa = PBXCopyFilesBuildPhase;
			buildActionMask = 2147483647;
			dstPath = "";
			dstSubfolderSpec = 13;
			files = (
			);
			name = "Embed App Extensions";
			runOnlyForDeploymentPostprocessing = 0;
		};
/* End PBXCopyFilesBuildPhase section */

/* Begin PBXFileReference section */
		03BFB92020D79AC700C89B10 /* UserNotifications.framework */ = {isa = PBXFileReference; lastKnownFileType = wrapper.framework; name = UserNotifications.framework; path = System/Library/Frameworks/UserNotifications.framework; sourceTree = SDKROOT; };
		03BFB92220D79AC700C89B10 /* UserNotificationsUI.framework */ = {isa = PBXFileReference; lastKnownFileType = wrapper.framework; name = UserNotificationsUI.framework; path = System/Library/Frameworks/UserNotificationsUI.framework; sourceTree = SDKROOT; };
		4C9ADB0A233E60B800D4DD77 /* DevinoSDK.framework */ = {isa = PBXFileReference; lastKnownFileType = wrapper.framework; path = DevinoSDK.framework; sourceTree = "<group>"; };
		6DB827A920BF4A72005A3CBA /* DevinoDemo.app */ = {isa = PBXFileReference; explicitFileType = wrapper.application; includeInIndex = 0; path = DevinoDemo.app; sourceTree = BUILT_PRODUCTS_DIR; };
		6DB827AC20BF4A72005A3CBA /* AppDelegate.swift */ = {isa = PBXFileReference; lastKnownFileType = sourcecode.swift; path = AppDelegate.swift; sourceTree = "<group>"; };
		6DB827AE20BF4A72005A3CBA /* ViewController.swift */ = {isa = PBXFileReference; lastKnownFileType = sourcecode.swift; path = ViewController.swift; sourceTree = "<group>"; };
		6DB827B120BF4A72005A3CBA /* Base */ = {isa = PBXFileReference; lastKnownFileType = file.storyboard; name = Base; path = Base.lproj/Main.storyboard; sourceTree = "<group>"; };
		6DB827B320BF4A73005A3CBA /* Assets.xcassets */ = {isa = PBXFileReference; lastKnownFileType = folder.assetcatalog; path = Assets.xcassets; sourceTree = "<group>"; };
		6DB827B620BF4A73005A3CBA /* Base */ = {isa = PBXFileReference; lastKnownFileType = file.storyboard; name = Base; path = Base.lproj/LaunchScreen.storyboard; sourceTree = "<group>"; };
		6DB827B820BF4A73005A3CBA /* Info.plist */ = {isa = PBXFileReference; lastKnownFileType = text.plist.xml; path = Info.plist; sourceTree = "<group>"; };
		6DF52BBE20C740CB0004F1FD /* DevinoDemo.entitlements */ = {isa = PBXFileReference; lastKnownFileType = text.plist.entitlements; path = DevinoDemo.entitlements; sourceTree = "<group>"; };
/* End PBXFileReference section */

/* Begin PBXFrameworksBuildPhase section */
		6DB827A620BF4A72005A3CBA /* Frameworks */ = {
			isa = PBXFrameworksBuildPhase;
			buildActionMask = 2147483647;
			files = (
				4C9ADB0B233E60B800D4DD77 /* DevinoSDK.framework in Frameworks */,
			);
			runOnlyForDeploymentPostprocessing = 0;
		};
/* End PBXFrameworksBuildPhase section */

/* Begin PBXGroup section */
		03BFB91F20D79AC700C89B10 /* Frameworks */ = {
			isa = PBXGroup;
			children = (
				4C9ADB0A233E60B800D4DD77 /* DevinoSDK.framework */,
				03BFB92020D79AC700C89B10 /* UserNotifications.framework */,
				03BFB92220D79AC700C89B10 /* UserNotificationsUI.framework */,
			);
			name = Frameworks;
			sourceTree = "<group>";
		};
		6DB827A020BF4A72005A3CBA = {
			isa = PBXGroup;
			children = (
				6DB827AB20BF4A72005A3CBA /* DevinoDemo */,
				03BFB91F20D79AC700C89B10 /* Frameworks */,
				6DB827AA20BF4A72005A3CBA /* Products */,
			);
			sourceTree = "<group>";
		};
		6DB827AA20BF4A72005A3CBA /* Products */ = {
			isa = PBXGroup;
			children = (
				6DB827A920BF4A72005A3CBA /* DevinoDemo.app */,
			);
			name = Products;
			sourceTree = "<group>";
		};
		6DB827AB20BF4A72005A3CBA /* DevinoDemo */ = {
			isa = PBXGroup;
			children = (
				6DF52BBE20C740CB0004F1FD /* DevinoDemo.entitlements */,
				6DB827AC20BF4A72005A3CBA /* AppDelegate.swift */,
				6DB827AE20BF4A72005A3CBA /* ViewController.swift */,
				6DB827B020BF4A72005A3CBA /* Main.storyboard */,
				6DB827B320BF4A73005A3CBA /* Assets.xcassets */,
				6DB827B520BF4A73005A3CBA /* LaunchScreen.storyboard */,
				6DB827B820BF4A73005A3CBA /* Info.plist */,
			);
			path = DevinoDemo;
			sourceTree = "<group>";
		};
/* End PBXGroup section */

/* Begin PBXNativeTarget section */
		6DB827A820BF4A72005A3CBA /* DevinoDemo */ = {
			isa = PBXNativeTarget;
			buildConfigurationList = 6DB827BB20BF4A73005A3CBA /* Build configuration list for PBXNativeTarget "DevinoDemo" */;
			buildPhases = (
				6DB827A520BF4A72005A3CBA /* Sources */,
				6DB827A620BF4A72005A3CBA /* Frameworks */,
				6DB827A720BF4A72005A3CBA /* Resources */,
				03BFB93120D79AC700C89B10 /* Embed App Extensions */,
				039090AD210AFE6300AE6851 /* Embed Frameworks */,
			);
			buildRules = (
			);
			dependencies = (
			);
			name = DevinoDemo;
			productName = DevinoDemo;
			productReference = 6DB827A920BF4A72005A3CBA /* DevinoDemo.app */;
			productType = "com.apple.product-type.application";
		};
/* End PBXNativeTarget section */

/* Begin PBXProject section */
		6DB827A120BF4A72005A3CBA /* Project object */ = {
			isa = PBXProject;
			attributes = {
				LastSwiftUpdateCheck = 0940;
				LastUpgradeCheck = 0930;
				ORGANIZATIONNAME = "Alexej Nenastev";
				TargetAttributes = {
					6DB827A820BF4A72005A3CBA = {
						CreatedOnToolsVersion = 9.3.1;
						SystemCapabilities = {
							com.apple.BackgroundModes = {
								enabled = 1;
							};
							com.apple.Push = {
								enabled = 1;
							};
						};
					};
				};
			};
			buildConfigurationList = 6DB827A420BF4A72005A3CBA /* Build configuration list for PBXProject "DevinoDemo" */;
			compatibilityVersion = "Xcode 9.3";
			developmentRegion = en;
			hasScannedForEncodings = 0;
			knownRegions = (
				en,
				Base,
			);
			mainGroup = 6DB827A020BF4A72005A3CBA;
			productRefGroup = 6DB827AA20BF4A72005A3CBA /* Products */;
			projectDirPath = "";
			projectRoot = "";
			targets = (
				6DB827A820BF4A72005A3CBA /* DevinoDemo */,
			);
		};
/* End PBXProject section */

/* Begin PBXResourcesBuildPhase section */
		6DB827A720BF4A72005A3CBA /* Resources */ = {
			isa = PBXResourcesBuildPhase;
			buildActionMask = 2147483647;
			files = (
				6DB827B720BF4A73005A3CBA /* LaunchScreen.storyboard in Resources */,
				6DB827B420BF4A73005A3CBA /* Assets.xcassets in Resources */,
				6DB827B220BF4A72005A3CBA /* Main.storyboard in Resources */,
			);
			runOnlyForDeploymentPostprocessing = 0;
		};
/* End PBXResourcesBuildPhase section */

/* Begin PBXSourcesBuildPhase section */
		6DB827A520BF4A72005A3CBA /* Sources */ = {
			isa = PBXSourcesBuildPhase;
			buildActionMask = 2147483647;
			files = (
				6DB827AF20BF4A72005A3CBA /* ViewController.swift in Sources */,
				6DB827AD20BF4A72005A3CBA /* AppDelegate.swift in Sources */,
			);
			runOnlyForDeploymentPostprocessing = 0;
		};
/* End PBXSourcesBuildPhase section */

/* Begin PBXVariantGroup section */
		6DB827B020BF4A72005A3CBA /* Main.storyboard */ = {
			isa = PBXVariantGroup;
			children = (
				6DB827B120BF4A72005A3CBA /* Base */,
			);
			name = Main.storyboard;
			sourceTree = "<group>";
		};
		6DB827B520BF4A73005A3CBA /* LaunchScreen.storyboard */ = {
			isa = PBXVariantGroup;
			children = (
				6DB827B620BF4A73005A3CBA /* Base */,
			);
			name = LaunchScreen.storyboard;
			sourceTree = "<group>";
		};
/* End PBXVariantGroup section */

/* Begin XCBuildConfiguration section */
		6DB827B920BF4A73005A3CBA /* Debug */ = {
			isa = XCBuildConfiguration;
			buildSettings = {
				ALWAYS_SEARCH_USER_PATHS = NO;
				CLANG_ANALYZER_NONNULL = YES;
				CLANG_ANALYZER_NUMBER_OBJECT_CONVERSION = YES_AGGRESSIVE;
				CLANG_CXX_LANGUAGE_STANDARD = "gnu++14";
				CLANG_CXX_LIBRARY = "libc++";
				CLANG_ENABLE_MODULES = YES;
				CLANG_ENABLE_OBJC_ARC = YES;
				CLANG_ENABLE_OBJC_WEAK = YES;
				CLANG_WARN_BLOCK_CAPTURE_AUTORELEASING = YES;
				CLANG_WARN_BOOL_CONVERSION = YES;
				CLANG_WARN_COMMA = YES;
				CLANG_WARN_CONSTANT_CONVERSION = YES;
				CLANG_WARN_DEPRECATED_OBJC_IMPLEMENTATIONS = YES;
				CLANG_WARN_DIRECT_OBJC_ISA_USAGE = YES_ERROR;
				CLANG_WARN_DOCUMENTATION_COMMENTS = YES;
				CLANG_WARN_EMPTY_BODY = YES;
				CLANG_WARN_ENUM_CONVERSION = YES;
				CLANG_WARN_INFINITE_RECURSION = YES;
				CLANG_WARN_INT_CONVERSION = YES;
				CLANG_WARN_NON_LITERAL_NULL_CONVERSION = YES;
				CLANG_WARN_OBJC_IMPLICIT_RETAIN_SELF = YES;
				CLANG_WARN_OBJC_LITERAL_CONVERSION = YES;
				CLANG_WARN_OBJC_ROOT_CLASS = YES_ERROR;
				CLANG_WARN_RANGE_LOOP_ANALYSIS = YES;
				CLANG_WARN_STRICT_PROTOTYPES = YES;
				CLANG_WARN_SUSPICIOUS_MOVE = YES;
				CLANG_WARN_UNGUARDED_AVAILABILITY = YES_AGGRESSIVE;
				CLANG_WARN_UNREACHABLE_CODE = YES;
				CLANG_WARN__DUPLICATE_METHOD_MATCH = YES;
				CODE_SIGN_IDENTITY = "iPhone Developer";
				COPY_PHASE_STRIP = NO;
				DEBUG_INFORMATION_FORMAT = dwarf;
				ENABLE_STRICT_OBJC_MSGSEND = YES;
				ENABLE_TESTABILITY = YES;
				GCC_C_LANGUAGE_STANDARD = gnu11;
				GCC_DYNAMIC_NO_PIC = NO;
				GCC_NO_COMMON_BLOCKS = YES;
				GCC_OPTIMIZATION_LEVEL = 0;
				GCC_PREPROCESSOR_DEFINITIONS = (
					"DEBUG=1",
					"$(inherited)",
				);
				GCC_WARN_64_TO_32_BIT_CONVERSION = YES;
				GCC_WARN_ABOUT_RETURN_TYPE = YES_ERROR;
				GCC_WARN_UNDECLARED_SELECTOR = YES;
				GCC_WARN_UNINITIALIZED_AUTOS = YES_AGGRESSIVE;
				GCC_WARN_UNUSED_FUNCTION = YES;
				GCC_WARN_UNUSED_VARIABLE = YES;
				IPHONEOS_DEPLOYMENT_TARGET = 10.3;
				MTL_ENABLE_DEBUG_INFO = YES;
				ONLY_ACTIVE_ARCH = YES;
				SDKROOT = iphoneos;
				SWIFT_ACTIVE_COMPILATION_CONDITIONS = DEBUG;
				SWIFT_OPTIMIZATION_LEVEL = "-Onone";
			};
			name = Debug;
		};
		6DB827BA20BF4A73005A3CBA /* Release */ = {
			isa = XCBuildConfiguration;
			buildSettings = {
				ALWAYS_SEARCH_USER_PATHS = NO;
				CLANG_ANALYZER_NONNULL = YES;
				CLANG_ANALYZER_NUMBER_OBJECT_CONVERSION = YES_AGGRESSIVE;
				CLANG_CXX_LANGUAGE_STANDARD = "gnu++14";
				CLANG_CXX_LIBRARY = "libc++";
				CLANG_ENABLE_MODULES = YES;
				CLANG_ENABLE_OBJC_ARC = YES;
				CLANG_ENABLE_OBJC_WEAK = YES;
				CLANG_WARN_BLOCK_CAPTURE_AUTORELEASING = YES;
				CLANG_WARN_BOOL_CONVERSION = YES;
				CLANG_WARN_COMMA = YES;
				CLANG_WARN_CONSTANT_CONVERSION = YES;
				CLANG_WARN_DEPRECATED_OBJC_IMPLEMENTATIONS = YES;
				CLANG_WARN_DIRECT_OBJC_ISA_USAGE = YES_ERROR;
				CLANG_WARN_DOCUMENTATION_COMMENTS = YES;
				CLANG_WARN_EMPTY_BODY = YES;
				CLANG_WARN_ENUM_CONVERSION = YES;
				CLANG_WARN_INFINITE_RECURSION = YES;
				CLANG_WARN_INT_CONVERSION = YES;
				CLANG_WARN_NON_LITERAL_NULL_CONVERSION = YES;
				CLANG_WARN_OBJC_IMPLICIT_RETAIN_SELF = YES;
				CLANG_WARN_OBJC_LITERAL_CONVERSION = YES;
				CLANG_WARN_OBJC_ROOT_CLASS = YES_ERROR;
				CLANG_WARN_RANGE_LOOP_ANALYSIS = YES;
				CLANG_WARN_STRICT_PROTOTYPES = YES;
				CLANG_WARN_SUSPICIOUS_MOVE = YES;
				CLANG_WARN_UNGUARDED_AVAILABILITY = YES_AGGRESSIVE;
				CLANG_WARN_UNREACHABLE_CODE = YES;
				CLANG_WARN__DUPLICATE_METHOD_MATCH = YES;
				CODE_SIGN_IDENTITY = "iPhone Developer";
				COPY_PHASE_STRIP = NO;
				DEBUG_INFORMATION_FORMAT = "dwarf-with-dsym";
				ENABLE_NS_ASSERTIONS = NO;
				ENABLE_STRICT_OBJC_MSGSEND = YES;
				GCC_C_LANGUAGE_STANDARD = gnu11;
				GCC_NO_COMMON_BLOCKS = YES;
				GCC_WARN_64_TO_32_BIT_CONVERSION = YES;
				GCC_WARN_ABOUT_RETURN_TYPE = YES_ERROR;
				GCC_WARN_UNDECLARED_SELECTOR = YES;
				GCC_WARN_UNINITIALIZED_AUTOS = YES_AGGRESSIVE;
				GCC_WARN_UNUSED_FUNCTION = YES;
				GCC_WARN_UNUSED_VARIABLE = YES;
				IPHONEOS_DEPLOYMENT_TARGET = 10.3;
				MTL_ENABLE_DEBUG_INFO = NO;
				SDKROOT = iphoneos;
				SWIFT_COMPILATION_MODE = wholemodule;
				SWIFT_OPTIMIZATION_LEVEL = "-O";
				VALIDATE_PRODUCT = YES;
			};
			name = Release;
		};
		6DB827BC20BF4A73005A3CBA /* Debug */ = {
			isa = XCBuildConfiguration;
			buildSettings = {
				ALWAYS_EMBED_SWIFT_STANDARD_LIBRARIES = YES;
				ASSETCATALOG_COMPILER_APPICON_NAME = AppIcon;
				CODE_SIGN_ENTITLEMENTS = DevinoDemo/DevinoDemo.entitlements;
				CODE_SIGN_STYLE = Manual;
				DEVELOPMENT_TEAM = TV4YN6VX49;
				FRAMEWORK_SEARCH_PATHS = (
					"$(inherited)",
					"$(PROJECT_DIR)",
				);
				INFOPLIST_FILE = DevinoDemo/Info.plist;
				IPHONEOS_DEPLOYMENT_TARGET = 10.3;
				LD_RUNPATH_SEARCH_PATHS = (
					"$(inherited)",
					"@executable_path/Frameworks",
				);
				PRODUCT_BUNDLE_IDENTIFIER = com.fruktorum.DevinoPush;
				PRODUCT_NAME = "$(TARGET_NAME)";
				PROVISIONING_PROFILE_SPECIFIER = DevinoPushDev;
				SWIFT_VERSION = 4.0;
				TARGETED_DEVICE_FAMILY = "1,2";
			};
			name = Debug;
		};
		6DB827BD20BF4A73005A3CBA /* Release */ = {
			isa = XCBuildConfiguration;
			buildSettings = {
				ALWAYS_EMBED_SWIFT_STANDARD_LIBRARIES = YES;
				ASSETCATALOG_COMPILER_APPICON_NAME = AppIcon;
				CODE_SIGN_ENTITLEMENTS = DevinoDemo/DevinoDemo.entitlements;
				CODE_SIGN_STYLE = Manual;
				DEVELOPMENT_TEAM = "";
				FRAMEWORK_SEARCH_PATHS = (
					"$(inherited)",
					"$(PROJECT_DIR)",
				);
				INFOPLIST_FILE = DevinoDemo/Info.plist;
				IPHONEOS_DEPLOYMENT_TARGET = 10.3;
				LD_RUNPATH_SEARCH_PATHS = (
					"$(inherited)",
					"@executable_path/Frameworks",
				);
				PRODUCT_BUNDLE_IDENTIFIER = com.fruktorum.DevinoPush;
				PRODUCT_NAME = "$(TARGET_NAME)";
				PROVISIONING_PROFILE_SPECIFIER = "";
				SWIFT_VERSION = 4.0;
				TARGETED_DEVICE_FAMILY = "1,2";
			};
			name = Release;
		};
/* End XCBuildConfiguration section */

/* Begin XCConfigurationList section */
		6DB827A420BF4A72005A3CBA /* Build configuration list for PBXProject "DevinoDemo" */ = {
			isa = XCConfigurationList;
			buildConfigurations = (
				6DB827B920BF4A73005A3CBA /* Debug */,
				6DB827BA20BF4A73005A3CBA /* Release */,
			);
			defaultConfigurationIsVisible = 0;
			defaultConfigurationName = Release;
		};
		6DB827BB20BF4A73005A3CBA /* Build configuration list for PBXNativeTarget "DevinoDemo" */ = {
			isa = XCConfigurationList;
			buildConfigurations = (
				6DB827BC20BF4A73005A3CBA /* Debug */,
				6DB827BD20BF4A73005A3CBA /* Release */,
			);
			defaultConfigurationIsVisible = 0;
			defaultConfigurationName = Release;
		};
/* End XCConfigurationList section */
	};
	rootObject = 6DB827A120BF4A72005A3CBA /* Project object */;
}
