// !$*UTF8*$!
{
	archiveVersion = 1;
	classes = {
	};
	objectVersion = 52;
	objects = {

/* Begin PBXBuildFile section */
		329AD6042A87EF43008AA532 /* IQKeyboardManagerSwift in Frameworks */ = {isa = PBXBuildFile; productRef = 329AD6032A87EF43008AA532 /* IQKeyboardManagerSwift */; };
		32EE23CF2A7BAFC3006BA5F9 /* UserRegistrationViewController.swift in Sources */ = {isa = PBXBuildFile; fileRef = 32EE23CE2A7BAFC3006BA5F9 /* UserRegistrationViewController.swift */; };
		32EE23D22A7BB3BE006BA5F9 /* NavigationController.swift in Sources */ = {isa = PBXBuildFile; fileRef = 32EE23D12A7BB3BE006BA5F9 /* NavigationController.swift */; };
		4C26535125CAF686000CE012 /* UserNotifications.framework in Frameworks */ = {isa = PBXBuildFile; fileRef = 03BFB92020D79AC700C89B10 /* UserNotifications.framework */; };
		4C26535225CAF68B000CE012 /* UserNotificationsUI.framework in Frameworks */ = {isa = PBXBuildFile; fileRef = 03BFB92220D79AC700C89B10 /* UserNotificationsUI.framework */; };
		4C26535325CAF69E000CE012 /* UserNotifications.framework in Frameworks */ = {isa = PBXBuildFile; fileRef = 03BFB92020D79AC700C89B10 /* UserNotifications.framework */; };
		4C26535425CAF6A3000CE012 /* UserNotificationsUI.framework in Frameworks */ = {isa = PBXBuildFile; fileRef = 03BFB92220D79AC700C89B10 /* UserNotificationsUI.framework */; };
		4C5E546C2358961600F6598D /* Hero.aiff in Resources */ = {isa = PBXBuildFile; fileRef = 4C5E546B2358961600F6598D /* Hero.aiff */; };
		4C5E54782358C39D00F6598D /* DeepLinkViewController.swift in Sources */ = {isa = PBXBuildFile; fileRef = 4C5E54772358C39D00F6598D /* DeepLinkViewController.swift */; };
		4C6EC7152352006E00DE90A0 /* String.swift in Sources */ = {isa = PBXBuildFile; fileRef = 4C6EC7142352006E00DE90A0 /* String.swift */; };
		4C6EC71723520BD800DE90A0 /* UIViewController.swift in Sources */ = {isa = PBXBuildFile; fileRef = 4C6EC71623520BD800DE90A0 /* UIViewController.swift */; };
		4C9A9E59235DCF3E00E7D235 /* push_sound.wav in Resources */ = {isa = PBXBuildFile; fileRef = 4C9A9E58235DCF3E00E7D235 /* push_sound.wav */; };
		4CF906DD23509D27007B98A9 /* UIView+IBInspectable.swift in Sources */ = {isa = PBXBuildFile; fileRef = 4CF906DC23509D27007B98A9 /* UIView+IBInspectable.swift */; };
		6DB827AD20BF4A72005A3CBA /* AppDelegate.swift in Sources */ = {isa = PBXBuildFile; fileRef = 6DB827AC20BF4A72005A3CBA /* AppDelegate.swift */; };
		6DB827AF20BF4A72005A3CBA /* SettingsViewController.swift in Sources */ = {isa = PBXBuildFile; fileRef = 6DB827AE20BF4A72005A3CBA /* SettingsViewController.swift */; };
		6DB827B220BF4A72005A3CBA /* Main.storyboard in Resources */ = {isa = PBXBuildFile; fileRef = 6DB827B020BF4A72005A3CBA /* Main.storyboard */; };
		6DB827B420BF4A73005A3CBA /* Assets.xcassets in Resources */ = {isa = PBXBuildFile; fileRef = 6DB827B320BF4A73005A3CBA /* Assets.xcassets */; };
		6DB827B720BF4A73005A3CBA /* LaunchScreen.storyboard in Resources */ = {isa = PBXBuildFile; fileRef = 6DB827B520BF4A73005A3CBA /* LaunchScreen.storyboard */; };
		A33081DE23587FE600A9CECB /* NotificationService.swift in Sources */ = {isa = PBXBuildFile; fileRef = A33081DD23587FE600A9CECB /* NotificationService.swift */; };
		A33081E223587FE600A9CECB /* NotificationService.appex in Embed App Extensions */ = {isa = PBXBuildFile; fileRef = A33081DB23587FE600A9CECB /* NotificationService.appex */; settings = {ATTRIBUTES = (RemoveHeadersOnCopy, ); }; };
		FA082C6F285E04E900BBA5AD /* ActionLinkViewController.swift in Sources */ = {isa = PBXBuildFile; fileRef = FA082C6E285E04E900BBA5AD /* ActionLinkViewController.swift */; };
		FA082C71286192B700BBA5AD /* DevinoSDK.framework in Frameworks */ = {isa = PBXBuildFile; fileRef = FA082C70286192B700BBA5AD /* DevinoSDK.framework */; };
		FA082C732861930400BBA5AD /* DevinoSDK.framework in Embed Frameworks */ = {isa = PBXBuildFile; fileRef = FA082C70286192B700BBA5AD /* DevinoSDK.framework */; settings = {ATTRIBUTES = (CodeSignOnCopy, RemoveHeadersOnCopy, ); }; };
/* End PBXBuildFile section */

/* Begin PBXContainerItemProxy section */
		A33081E023587FE600A9CECB /* PBXContainerItemProxy */ = {
			isa = PBXContainerItemProxy;
			containerPortal = 6DB827A120BF4A72005A3CBA /* Project object */;
			proxyType = 1;
			remoteGlobalIDString = A33081DA23587FE600A9CECB;
			remoteInfo = NotificationService;
		};
/* End PBXContainerItemProxy section */

/* Begin PBXCopyFilesBuildPhase section */
		03BFB93120D79AC700C89B10 /* Embed App Extensions */ = {
			isa = PBXCopyFilesBuildPhase;
			buildActionMask = 2147483647;
			dstPath = "";
			dstSubfolderSpec = 13;
			files = (
				A33081E223587FE600A9CECB /* NotificationService.appex in Embed App Extensions */,
			);
			name = "Embed App Extensions";
			runOnlyForDeploymentPostprocessing = 0;
		};
		4C04E318268F540200BD535C /* Embed Frameworks */ = {
			isa = PBXCopyFilesBuildPhase;
			buildActionMask = 2147483647;
			dstPath = "";
			dstSubfolderSpec = 10;
			files = (
				FA082C732861930400BBA5AD /* DevinoSDK.framework in Embed Frameworks */,
			);
			name = "Embed Frameworks";
			runOnlyForDeploymentPostprocessing = 0;
		};
		A36BE41523632503003F8681 /* Embed Frameworks */ = {
			isa = PBXCopyFilesBuildPhase;
			buildActionMask = 2147483647;
			dstPath = "";
			dstSubfolderSpec = 10;
			files = (
			);
			name = "Embed Frameworks";
			runOnlyForDeploymentPostprocessing = 0;
		};
/* End PBXCopyFilesBuildPhase section */

/* Begin PBXFileReference section */
		03BFB92020D79AC700C89B10 /* UserNotifications.framework */ = {isa = PBXFileReference; lastKnownFileType = wrapper.framework; name = UserNotifications.framework; path = System/Library/Frameworks/UserNotifications.framework; sourceTree = SDKROOT; };
		03BFB92220D79AC700C89B10 /* UserNotificationsUI.framework */ = {isa = PBXFileReference; lastKnownFileType = wrapper.framework; name = UserNotificationsUI.framework; path = System/Library/Frameworks/UserNotificationsUI.framework; sourceTree = SDKROOT; };
		32EE23CE2A7BAFC3006BA5F9 /* UserRegistrationViewController.swift */ = {isa = PBXFileReference; lastKnownFileType = sourcecode.swift; path = UserRegistrationViewController.swift; sourceTree = "<group>"; };
		32EE23D12A7BB3BE006BA5F9 /* NavigationController.swift */ = {isa = PBXFileReference; lastKnownFileType = sourcecode.swift; path = NavigationController.swift; sourceTree = "<group>"; };
		4C26534A25CADCF7000CE012 /* NotificationService.entitlements */ = {isa = PBXFileReference; lastKnownFileType = text.plist.entitlements; path = NotificationService.entitlements; sourceTree = "<group>"; };
		4C5E546B2358961600F6598D /* Hero.aiff */ = {isa = PBXFileReference; lastKnownFileType = audio.aiff; path = Hero.aiff; sourceTree = "<group>"; };
		4C5E54772358C39D00F6598D /* DeepLinkViewController.swift */ = {isa = PBXFileReference; lastKnownFileType = sourcecode.swift; path = DeepLinkViewController.swift; sourceTree = "<group>"; };
		4C6EC7142352006E00DE90A0 /* String.swift */ = {isa = PBXFileReference; lastKnownFileType = sourcecode.swift; path = String.swift; sourceTree = "<group>"; };
		4C6EC71623520BD800DE90A0 /* UIViewController.swift */ = {isa = PBXFileReference; lastKnownFileType = sourcecode.swift; path = UIViewController.swift; sourceTree = "<group>"; };
		4C9A9E58235DCF3E00E7D235 /* push_sound.wav */ = {isa = PBXFileReference; lastKnownFileType = audio.wav; path = push_sound.wav; sourceTree = "<group>"; };
		4CF906DC23509D27007B98A9 /* UIView+IBInspectable.swift */ = {isa = PBXFileReference; lastKnownFileType = sourcecode.swift; path = "UIView+IBInspectable.swift"; sourceTree = "<group>"; };
		6DB827A920BF4A72005A3CBA /* DevinoDemo.app */ = {isa = PBXFileReference; explicitFileType = wrapper.application; includeInIndex = 0; path = DevinoDemo.app; sourceTree = BUILT_PRODUCTS_DIR; };
		6DB827AC20BF4A72005A3CBA /* AppDelegate.swift */ = {isa = PBXFileReference; lastKnownFileType = sourcecode.swift; path = AppDelegate.swift; sourceTree = "<group>"; };
		6DB827AE20BF4A72005A3CBA /* SettingsViewController.swift */ = {isa = PBXFileReference; lastKnownFileType = sourcecode.swift; path = SettingsViewController.swift; sourceTree = "<group>"; };
		6DB827B120BF4A72005A3CBA /* Base */ = {isa = PBXFileReference; lastKnownFileType = file.storyboard; name = Base; path = Base.lproj/Main.storyboard; sourceTree = "<group>"; };
		6DB827B320BF4A73005A3CBA /* Assets.xcassets */ = {isa = PBXFileReference; lastKnownFileType = folder.assetcatalog; path = Assets.xcassets; sourceTree = "<group>"; };
		6DB827B620BF4A73005A3CBA /* Base */ = {isa = PBXFileReference; lastKnownFileType = file.storyboard; name = Base; path = Base.lproj/LaunchScreen.storyboard; sourceTree = "<group>"; };
		6DB827B820BF4A73005A3CBA /* Info.plist */ = {isa = PBXFileReference; lastKnownFileType = text.plist.xml; path = Info.plist; sourceTree = "<group>"; };
		6DF52BBE20C740CB0004F1FD /* DevinoDemo.entitlements */ = {isa = PBXFileReference; lastKnownFileType = text.plist.entitlements; path = DevinoDemo.entitlements; sourceTree = "<group>"; };
		A33081DB23587FE600A9CECB /* NotificationService.appex */ = {isa = PBXFileReference; explicitFileType = "wrapper.app-extension"; includeInIndex = 0; path = NotificationService.appex; sourceTree = BUILT_PRODUCTS_DIR; };
		A33081DD23587FE600A9CECB /* NotificationService.swift */ = {isa = PBXFileReference; lastKnownFileType = sourcecode.swift; path = NotificationService.swift; sourceTree = "<group>"; };
		A33081DF23587FE600A9CECB /* Info.plist */ = {isa = PBXFileReference; lastKnownFileType = text.plist.xml; path = Info.plist; sourceTree = "<group>"; };
		FA082C6E285E04E900BBA5AD /* ActionLinkViewController.swift */ = {isa = PBXFileReference; lastKnownFileType = sourcecode.swift; path = ActionLinkViewController.swift; sourceTree = "<group>"; };
		FA082C70286192B700BBA5AD /* DevinoSDK.framework */ = {isa = PBXFileReference; lastKnownFileType = wrapper.framework; path = DevinoSDK.framework; sourceTree = "<group>"; };
/* End PBXFileReference section */

/* Begin PBXFrameworksBuildPhase section */
		6DB827A620BF4A72005A3CBA /* Frameworks */ = {
			isa = PBXFrameworksBuildPhase;
			buildActionMask = 2147483647;
			files = (
				4C26535425CAF6A3000CE012 /* UserNotificationsUI.framework in Frameworks */,
				329AD6042A87EF43008AA532 /* IQKeyboardManagerSwift in Frameworks */,
				FA082C71286192B700BBA5AD /* DevinoSDK.framework in Frameworks */,
				4C26535325CAF69E000CE012 /* UserNotifications.framework in Frameworks */,
			);
			runOnlyForDeploymentPostprocessing = 0;
		};
		A33081D823587FE600A9CECB /* Frameworks */ = {
			isa = PBXFrameworksBuildPhase;
			buildActionMask = 2147483647;
			files = (
				4C26535225CAF68B000CE012 /* UserNotificationsUI.framework in Frameworks */,
				4C26535125CAF686000CE012 /* UserNotifications.framework in Frameworks */,
			);
			runOnlyForDeploymentPostprocessing = 0;
		};
/* End PBXFrameworksBuildPhase section */

/* Begin PBXGroup section */
		03BFB91F20D79AC700C89B10 /* Frameworks */ = {
			isa = PBXGroup;
			children = (
				FA082C70286192B700BBA5AD /* DevinoSDK.framework */,
				03BFB92020D79AC700C89B10 /* UserNotifications.framework */,
				03BFB92220D79AC700C89B10 /* UserNotificationsUI.framework */,
			);
			name = Frameworks;
			sourceTree = "<group>";
		};
		32EE23CC2A7BABF3006BA5F9 /* ViewControllers */ = {
			isa = PBXGroup;
			children = (
				32EE23CE2A7BAFC3006BA5F9 /* UserRegistrationViewController.swift */,
				6DB827AE20BF4A72005A3CBA /* SettingsViewController.swift */,
				4C5E54772358C39D00F6598D /* DeepLinkViewController.swift */,
				FA082C6E285E04E900BBA5AD /* ActionLinkViewController.swift */,
			);
			path = ViewControllers;
			sourceTree = "<group>";
		};
		32EE23CD2A7BABFE006BA5F9 /* Storyboards */ = {
			isa = PBXGroup;
			children = (
				6DB827B520BF4A73005A3CBA /* LaunchScreen.storyboard */,
				6DB827B020BF4A72005A3CBA /* Main.storyboard */,
			);
			path = Storyboards;
			sourceTree = "<group>";
		};
		32EE23D02A7BB3AF006BA5F9 /* Helpers */ = {
			isa = PBXGroup;
			children = (
				32EE23D12A7BB3BE006BA5F9 /* NavigationController.swift */,
			);
			path = Helpers;
			sourceTree = "<group>";
		};
		4C5E546D2358A95A00F6598D /* Sounds */ = {
			isa = PBXGroup;
			children = (
				4C5E546B2358961600F6598D /* Hero.aiff */,
				4C9A9E58235DCF3E00E7D235 /* push_sound.wav */,
			);
			path = Sounds;
			sourceTree = "<group>";
		};
		4CF906DB23509D12007B98A9 /* Extensions */ = {
			isa = PBXGroup;
			children = (
				4CF906DC23509D27007B98A9 /* UIView+IBInspectable.swift */,
				4C6EC7142352006E00DE90A0 /* String.swift */,
				4C6EC71623520BD800DE90A0 /* UIViewController.swift */,
			);
			path = Extensions;
			sourceTree = "<group>";
		};
		6DB827A020BF4A72005A3CBA = {
			isa = PBXGroup;
			children = (
				6DB827AB20BF4A72005A3CBA /* DevinoDemo */,
				A33081DC23587FE600A9CECB /* NotificationService */,
				03BFB91F20D79AC700C89B10 /* Frameworks */,
				6DB827AA20BF4A72005A3CBA /* Products */,
			);
			sourceTree = "<group>";
		};
		6DB827AA20BF4A72005A3CBA /* Products */ = {
			isa = PBXGroup;
			children = (
				6DB827A920BF4A72005A3CBA /* DevinoDemo.app */,
				A33081DB23587FE600A9CECB /* NotificationService.appex */,
			);
			name = Products;
			sourceTree = "<group>";
		};
		6DB827AB20BF4A72005A3CBA /* DevinoDemo */ = {
			isa = PBXGroup;
			children = (
				6DF52BBE20C740CB0004F1FD /* DevinoDemo.entitlements */,
				6DB827AC20BF4A72005A3CBA /* AppDelegate.swift */,
				32EE23CD2A7BABFE006BA5F9 /* Storyboards */,
				32EE23CC2A7BABF3006BA5F9 /* ViewControllers */,
				4C5E546D2358A95A00F6598D /* Sounds */,
				32EE23D02A7BB3AF006BA5F9 /* Helpers */,
				4CF906DB23509D12007B98A9 /* Extensions */,
				6DB827B320BF4A73005A3CBA /* Assets.xcassets */,
				6DB827B820BF4A73005A3CBA /* Info.plist */,
			);
			path = DevinoDemo;
			sourceTree = "<group>";
		};
		A33081DC23587FE600A9CECB /* NotificationService */ = {
			isa = PBXGroup;
			children = (
				4C26534A25CADCF7000CE012 /* NotificationService.entitlements */,
				A33081DD23587FE600A9CECB /* NotificationService.swift */,
				A33081DF23587FE600A9CECB /* Info.plist */,
			);
			path = NotificationService;
			sourceTree = "<group>";
		};
/* End PBXGroup section */

/* Begin PBXNativeTarget section */
		6DB827A820BF4A72005A3CBA /* DevinoDemo */ = {
			isa = PBXNativeTarget;
			buildConfigurationList = 6DB827BB20BF4A73005A3CBA /* Build configuration list for PBXNativeTarget "DevinoDemo" */;
			buildPhases = (
				6DB827A520BF4A72005A3CBA /* Sources */,
				6DB827A620BF4A72005A3CBA /* Frameworks */,
				6DB827A720BF4A72005A3CBA /* Resources */,
				03BFB93120D79AC700C89B10 /* Embed App Extensions */,
				4C04E318268F540200BD535C /* Embed Frameworks */,
			);
			buildRules = (
			);
			dependencies = (
				A33081E123587FE600A9CECB /* PBXTargetDependency */,
			);
			name = DevinoDemo;
			packageProductDependencies = (
				329AD6032A87EF43008AA532 /* IQKeyboardManagerSwift */,
			);
			productName = DevinoDemo;
			productReference = 6DB827A920BF4A72005A3CBA /* DevinoDemo.app */;
			productType = "com.apple.product-type.application";
		};
		A33081DA23587FE600A9CECB /* NotificationService */ = {
			isa = PBXNativeTarget;
			buildConfigurationList = A33081E323587FE600A9CECB /* Build configuration list for PBXNativeTarget "NotificationService" */;
			buildPhases = (
				A33081D723587FE600A9CECB /* Sources */,
				A33081D823587FE600A9CECB /* Frameworks */,
				A33081D923587FE600A9CECB /* Resources */,
				A36BE41523632503003F8681 /* Embed Frameworks */,
			);
			buildRules = (
			);
			dependencies = (
			);
			name = NotificationService;
			productName = NotificationService;
			productReference = A33081DB23587FE600A9CECB /* NotificationService.appex */;
			productType = "com.apple.product-type.app-extension";
		};
/* End PBXNativeTarget section */

/* Begin PBXProject section */
		6DB827A120BF4A72005A3CBA /* Project object */ = {
			isa = PBXProject;
			attributes = {
				LastSwiftUpdateCheck = 1110;
				LastUpgradeCheck = 1110;
				ORGANIZATIONNAME = "Alexej Nenastev";
				TargetAttributes = {
					6DB827A820BF4A72005A3CBA = {
						CreatedOnToolsVersion = 9.3.1;
						SystemCapabilities = {
							com.apple.BackgroundModes = {
								enabled = 1;
							};
							com.apple.Push = {
								enabled = 1;
							};
						};
					};
					A33081DA23587FE600A9CECB = {
						CreatedOnToolsVersion = 11.1;
					};
				};
			};
			buildConfigurationList = 6DB827A420BF4A72005A3CBA /* Build configuration list for PBXProject "DevinoDemo" */;
			compatibilityVersion = "Xcode 9.3";
			developmentRegion = en;
			hasScannedForEncodings = 0;
			knownRegions = (
				en,
				Base,
			);
			mainGroup = 6DB827A020BF4A72005A3CBA;
			packageReferences = (
				329AD6022A87EF43008AA532 /* XCRemoteSwiftPackageReference "IQKeyboardManager" */,
			);
			productRefGroup = 6DB827AA20BF4A72005A3CBA /* Products */;
			projectDirPath = "";
			projectRoot = "";
			targets = (
				6DB827A820BF4A72005A3CBA /* DevinoDemo */,
				A33081DA23587FE600A9CECB /* NotificationService */,
			);
		};
/* End PBXProject section */

/* Begin PBXResourcesBuildPhase section */
		6DB827A720BF4A72005A3CBA /* Resources */ = {
			isa = PBXResourcesBuildPhase;
			buildActionMask = 2147483647;
			files = (
				6DB827B720BF4A73005A3CBA /* LaunchScreen.storyboard in Resources */,
				6DB827B420BF4A73005A3CBA /* Assets.xcassets in Resources */,
				4C9A9E59235DCF3E00E7D235 /* push_sound.wav in Resources */,
				6DB827B220BF4A72005A3CBA /* Main.storyboard in Resources */,
				4C5E546C2358961600F6598D /* Hero.aiff in Resources */,
			);
			runOnlyForDeploymentPostprocessing = 0;
		};
		A33081D923587FE600A9CECB /* Resources */ = {
			isa = PBXResourcesBuildPhase;
			buildActionMask = 2147483647;
			files = (
			);
			runOnlyForDeploymentPostprocessing = 0;
		};
/* End PBXResourcesBuildPhase section */

/* Begin PBXSourcesBuildPhase section */
		6DB827A520BF4A72005A3CBA /* Sources */ = {
			isa = PBXSourcesBuildPhase;
			buildActionMask = 2147483647;
			files = (
				4C5E54782358C39D00F6598D /* DeepLinkViewController.swift in Sources */,
				4CF906DD23509D27007B98A9 /* UIView+IBInspectable.swift in Sources */,
				4C6EC7152352006E00DE90A0 /* String.swift in Sources */,
				6DB827AF20BF4A72005A3CBA /* SettingsViewController.swift in Sources */,
				32EE23CF2A7BAFC3006BA5F9 /* UserRegistrationViewController.swift in Sources */,
				FA082C6F285E04E900BBA5AD /* ActionLinkViewController.swift in Sources */,
				6DB827AD20BF4A72005A3CBA /* AppDelegate.swift in Sources */,
				32EE23D22A7BB3BE006BA5F9 /* NavigationController.swift in Sources */,
				4C6EC71723520BD800DE90A0 /* UIViewController.swift in Sources */,
			);
			runOnlyForDeploymentPostprocessing = 0;
		};
		A33081D723587FE600A9CECB /* Sources */ = {
			isa = PBXSourcesBuildPhase;
			buildActionMask = 2147483647;
			files = (
				A33081DE23587FE600A9CECB /* NotificationService.swift in Sources */,
			);
			runOnlyForDeploymentPostprocessing = 0;
		};
/* End PBXSourcesBuildPhase section */

/* Begin PBXTargetDependency section */
		A33081E123587FE600A9CECB /* PBXTargetDependency */ = {
			isa = PBXTargetDependency;
			target = A33081DA23587FE600A9CECB /* NotificationService */;
			targetProxy = A33081E023587FE600A9CECB /* PBXContainerItemProxy */;
		};
/* End PBXTargetDependency section */

/* Begin PBXVariantGroup section */
		6DB827B020BF4A72005A3CBA /* Main.storyboard */ = {
			isa = PBXVariantGroup;
			children = (
				6DB827B120BF4A72005A3CBA /* Base */,
			);
			name = Main.storyboard;
			sourceTree = "<group>";
		};
		6DB827B520BF4A73005A3CBA /* LaunchScreen.storyboard */ = {
			isa = PBXVariantGroup;
			children = (
				6DB827B620BF4A73005A3CBA /* Base */,
			);
			name = LaunchScreen.storyboard;
			sourceTree = "<group>";
		};
/* End PBXVariantGroup section */

/* Begin XCBuildConfiguration section */
		6DB827B920BF4A73005A3CBA /* Debug */ = {
			isa = XCBuildConfiguration;
			buildSettings = {
				ALWAYS_SEARCH_USER_PATHS = NO;
				CLANG_ANALYZER_NONNULL = YES;
				CLANG_ANALYZER_NUMBER_OBJECT_CONVERSION = YES_AGGRESSIVE;
				CLANG_CXX_LANGUAGE_STANDARD = "gnu++14";
				CLANG_CXX_LIBRARY = "libc++";
				CLANG_ENABLE_MODULES = YES;
				CLANG_ENABLE_OBJC_ARC = YES;
				CLANG_ENABLE_OBJC_WEAK = YES;
				CLANG_WARN_BLOCK_CAPTURE_AUTORELEASING = YES;
				CLANG_WARN_BOOL_CONVERSION = YES;
				CLANG_WARN_COMMA = YES;
				CLANG_WARN_CONSTANT_CONVERSION = YES;
				CLANG_WARN_DEPRECATED_OBJC_IMPLEMENTATIONS = YES;
				CLANG_WARN_DIRECT_OBJC_ISA_USAGE = YES_ERROR;
				CLANG_WARN_DOCUMENTATION_COMMENTS = YES;
				CLANG_WARN_EMPTY_BODY = YES;
				CLANG_WARN_ENUM_CONVERSION = YES;
				CLANG_WARN_INFINITE_RECURSION = YES;
				CLANG_WARN_INT_CONVERSION = YES;
				CLANG_WARN_NON_LITERAL_NULL_CONVERSION = YES;
				CLANG_WARN_OBJC_IMPLICIT_RETAIN_SELF = YES;
				CLANG_WARN_OBJC_LITERAL_CONVERSION = YES;
				CLANG_WARN_OBJC_ROOT_CLASS = YES_ERROR;
				CLANG_WARN_RANGE_LOOP_ANALYSIS = YES;
				CLANG_WARN_STRICT_PROTOTYPES = YES;
				CLANG_WARN_SUSPICIOUS_MOVE = YES;
				CLANG_WARN_UNGUARDED_AVAILABILITY = YES_AGGRESSIVE;
				CLANG_WARN_UNREACHABLE_CODE = YES;
				CLANG_WARN__DUPLICATE_METHOD_MATCH = YES;
				CODE_SIGN_IDENTITY = "iPhone Developer";
				COPY_PHASE_STRIP = NO;
				DEBUG_INFORMATION_FORMAT = dwarf;
				ENABLE_STRICT_OBJC_MSGSEND = YES;
				ENABLE_TESTABILITY = YES;
				GCC_C_LANGUAGE_STANDARD = gnu11;
				GCC_DYNAMIC_NO_PIC = NO;
				GCC_NO_COMMON_BLOCKS = YES;
				GCC_OPTIMIZATION_LEVEL = 0;
				GCC_PREPROCESSOR_DEFINITIONS = (
					"DEBUG=1",
					"$(inherited)",
				);
				GCC_WARN_64_TO_32_BIT_CONVERSION = YES;
				GCC_WARN_ABOUT_RETURN_TYPE = YES_ERROR;
				GCC_WARN_UNDECLARED_SELECTOR = YES;
				GCC_WARN_UNINITIALIZED_AUTOS = YES_AGGRESSIVE;
				GCC_WARN_UNUSED_FUNCTION = YES;
				GCC_WARN_UNUSED_VARIABLE = YES;
				IPHONEOS_DEPLOYMENT_TARGET = 11.0;
				MTL_ENABLE_DEBUG_INFO = YES;
				ONLY_ACTIVE_ARCH = YES;
				SDKROOT = iphoneos;
				SKIP_INSTALL = NO;
				SWIFT_ACTIVE_COMPILATION_CONDITIONS = DEBUG;
				SWIFT_OPTIMIZATION_LEVEL = "-Onone";
			};
			name = Debug;
		};
		6DB827BA20BF4A73005A3CBA /* Release */ = {
			isa = XCBuildConfiguration;
			buildSettings = {
				ALWAYS_SEARCH_USER_PATHS = NO;
				CLANG_ANALYZER_NONNULL = YES;
				CLANG_ANALYZER_NUMBER_OBJECT_CONVERSION = YES_AGGRESSIVE;
				CLANG_CXX_LANGUAGE_STANDARD = "gnu++14";
				CLANG_CXX_LIBRARY = "libc++";
				CLANG_ENABLE_MODULES = YES;
				CLANG_ENABLE_OBJC_ARC = YES;
				CLANG_ENABLE_OBJC_WEAK = YES;
				CLANG_WARN_BLOCK_CAPTURE_AUTORELEASING = YES;
				CLANG_WARN_BOOL_CONVERSION = YES;
				CLANG_WARN_COMMA = YES;
				CLANG_WARN_CONSTANT_CONVERSION = YES;
				CLANG_WARN_DEPRECATED_OBJC_IMPLEMENTATIONS = YES;
				CLANG_WARN_DIRECT_OBJC_ISA_USAGE = YES_ERROR;
				CLANG_WARN_DOCUMENTATION_COMMENTS = YES;
				CLANG_WARN_EMPTY_BODY = YES;
				CLANG_WARN_ENUM_CONVERSION = YES;
				CLANG_WARN_INFINITE_RECURSION = YES;
				CLANG_WARN_INT_CONVERSION = YES;
				CLANG_WARN_NON_LITERAL_NULL_CONVERSION = YES;
				CLANG_WARN_OBJC_IMPLICIT_RETAIN_SELF = YES;
				CLANG_WARN_OBJC_LITERAL_CONVERSION = YES;
				CLANG_WARN_OBJC_ROOT_CLASS = YES_ERROR;
				CLANG_WARN_RANGE_LOOP_ANALYSIS = YES;
				CLANG_WARN_STRICT_PROTOTYPES = YES;
				CLANG_WARN_SUSPICIOUS_MOVE = YES;
				CLANG_WARN_UNGUARDED_AVAILABILITY = YES_AGGRESSIVE;
				CLANG_WARN_UNREACHABLE_CODE = YES;
				CLANG_WARN__DUPLICATE_METHOD_MATCH = YES;
				CODE_SIGN_IDENTITY = "iPhone Developer";
				COPY_PHASE_STRIP = NO;
				DEBUG_INFORMATION_FORMAT = "dwarf-with-dsym";
				ENABLE_NS_ASSERTIONS = NO;
				ENABLE_STRICT_OBJC_MSGSEND = YES;
				GCC_C_LANGUAGE_STANDARD = gnu11;
				GCC_NO_COMMON_BLOCKS = YES;
				GCC_WARN_64_TO_32_BIT_CONVERSION = YES;
				GCC_WARN_ABOUT_RETURN_TYPE = YES_ERROR;
				GCC_WARN_UNDECLARED_SELECTOR = YES;
				GCC_WARN_UNINITIALIZED_AUTOS = YES_AGGRESSIVE;
				GCC_WARN_UNUSED_FUNCTION = YES;
				GCC_WARN_UNUSED_VARIABLE = YES;
				IPHONEOS_DEPLOYMENT_TARGET = 11.0;
				MTL_ENABLE_DEBUG_INFO = NO;
				SDKROOT = iphoneos;
				SKIP_INSTALL = NO;
				SWIFT_COMPILATION_MODE = wholemodule;
				SWIFT_OPTIMIZATION_LEVEL = "-O";
				VALIDATE_PRODUCT = YES;
			};
			name = Release;
		};
		6DB827BC20BF4A73005A3CBA /* Debug */ = {
			isa = XCBuildConfiguration;
			buildSettings = {
				ALWAYS_EMBED_SWIFT_STANDARD_LIBRARIES = YES;
				ASSETCATALOG_COMPILER_APPICON_NAME = AppIcon;
				CODE_SIGN_ENTITLEMENTS = DevinoDemo/DevinoDemo.entitlements;
				CODE_SIGN_IDENTITY = "iPhone Developer";
				CODE_SIGN_STYLE = Manual;
				CURRENT_PROJECT_VERSION = 2;
				DEVELOPMENT_ASSET_PATHS = "";
				DEVELOPMENT_TEAM = TV4YN6VX49;
				ENABLE_BITCODE = NO;
				FRAMEWORK_SEARCH_PATHS = (
					"$(inherited)",
					"$(PROJECT_DIR)",
				);
				INFOPLIST_FILE = DevinoDemo/Info.plist;
				IPHONEOS_DEPLOYMENT_TARGET = 11.0;
				LD_RUNPATH_SEARCH_PATHS = (
					"$(inherited)",
					"@executable_path/Frameworks",
				);
				MARKETING_VERSION = 2.0;
				PRODUCT_BUNDLE_IDENTIFIER = com.fruktorum.DevinoPush;
				PRODUCT_NAME = "$(TARGET_NAME)";
				PROVISIONING_PROFILE_SPECIFIER = DevinoPushDev;
				SKIP_INSTALL = NO;
				SWIFT_VERSION = 5.0;
				TARGETED_DEVICE_FAMILY = "1,2";
			};
			name = Debug;
		};
		6DB827BD20BF4A73005A3CBA /* Release */ = {
			isa = XCBuildConfiguration;
			buildSettings = {
				ALWAYS_EMBED_SWIFT_STANDARD_LIBRARIES = YES;
				ASSETCATALOG_COMPILER_APPICON_NAME = AppIcon;
				CODE_SIGN_ENTITLEMENTS = DevinoDemo/DevinoDemo.entitlements;
				CODE_SIGN_IDENTITY = "iPhone Distribution";
				CODE_SIGN_STYLE = Manual;
				CURRENT_PROJECT_VERSION = 2;
				DEVELOPMENT_ASSET_PATHS = "";
				DEVELOPMENT_TEAM = TV4YN6VX49;
				ENABLE_BITCODE = NO;
				FRAMEWORK_SEARCH_PATHS = (
					"$(inherited)",
					"$(PROJECT_DIR)",
				);
				INFOPLIST_FILE = DevinoDemo/Info.plist;
				IPHONEOS_DEPLOYMENT_TARGET = 11.0;
				LD_RUNPATH_SEARCH_PATHS = (
					"$(inherited)",
					"@executable_path/Frameworks",
				);
				MARKETING_VERSION = 2.0;
				PRODUCT_BUNDLE_IDENTIFIER = com.fruktorum.DevinoPush;
				PRODUCT_NAME = "$(TARGET_NAME)";
				PROVISIONING_PROFILE_SPECIFIER = DevinoPushAppStore;
				SKIP_INSTALL = NO;
				SWIFT_VERSION = 5.0;
				TARGETED_DEVICE_FAMILY = "1,2";
			};
			name = Release;
		};
		A33081E423587FE600A9CECB /* Debug */ = {
			isa = XCBuildConfiguration;
			buildSettings = {
				CODE_SIGN_ENTITLEMENTS = NotificationService/NotificationService.entitlements;
				CODE_SIGN_IDENTITY = "iPhone Developer";
				CODE_SIGN_STYLE = Manual;
				CURRENT_PROJECT_VERSION = 1;
				DEVELOPMENT_ASSET_PATHS = "";
				DEVELOPMENT_TEAM = TV4YN6VX49;
				ENABLE_BITCODE = NO;
				FRAMEWORK_SEARCH_PATHS = (
					"$(inherited)",
					"$(PROJECT_DIR)",
				);
				INFOPLIST_FILE = NotificationService/Info.plist;
				IPHONEOS_DEPLOYMENT_TARGET = 11.0;
				LD_RUNPATH_SEARCH_PATHS = (
					"$(inherited)",
					"@executable_path/Frameworks",
					"@executable_path/../../Frameworks",
				);
				MARKETING_VERSION = 1.0;
				MTL_ENABLE_DEBUG_INFO = INCLUDE_SOURCE;
				MTL_FAST_MATH = YES;
				PRODUCT_BUNDLE_IDENTIFIER = com.fruktorum.DevinoPush.NotificationService;
				PRODUCT_NAME = "$(TARGET_NAME)";
				PROVISIONING_PROFILE_SPECIFIER = DevinoPushNSEDev;
				SKIP_INSTALL = YES;
				SWIFT_VERSION = 5.0;
				TARGETED_DEVICE_FAMILY = "1,2";
			};
			name = Debug;
		};
		A33081E523587FE600A9CECB /* Release */ = {
			isa = XCBuildConfiguration;
			buildSettings = {
				CODE_SIGN_ENTITLEMENTS = NotificationService/NotificationService.entitlements;
				CODE_SIGN_IDENTITY = "iPhone Distribution";
				CODE_SIGN_STYLE = Manual;
				CURRENT_PROJECT_VERSION = 1;
				DEVELOPMENT_ASSET_PATHS = "";
				DEVELOPMENT_TEAM = TV4YN6VX49;
				ENABLE_BITCODE = NO;
				FRAMEWORK_SEARCH_PATHS = (
					"$(inherited)",
					"$(PROJECT_DIR)",
				);
				INFOPLIST_FILE = NotificationService/Info.plist;
				IPHONEOS_DEPLOYMENT_TARGET = 11.0;
				LD_RUNPATH_SEARCH_PATHS = (
					"$(inherited)",
					"@executable_path/Frameworks",
					"@executable_path/../../Frameworks",
				);
				MARKETING_VERSION = 1.0;
				MTL_FAST_MATH = YES;
				PRODUCT_BUNDLE_IDENTIFIER = com.fruktorum.DevinoPush.NotificationService;
				PRODUCT_NAME = "$(TARGET_NAME)";
				PROVISIONING_PROFILE_SPECIFIER = DevinoPushNSEAppStore;
				SKIP_INSTALL = YES;
				SWIFT_VERSION = 5.0;
				TARGETED_DEVICE_FAMILY = "1,2";
			};
			name = Release;
		};
/* End XCBuildConfiguration section */

/* Begin XCConfigurationList section */
		6DB827A420BF4A72005A3CBA /* Build configuration list for PBXProject "DevinoDemo" */ = {
			isa = XCConfigurationList;
			buildConfigurations = (
				6DB827B920BF4A73005A3CBA /* Debug */,
				6DB827BA20BF4A73005A3CBA /* Release */,
			);
			defaultConfigurationIsVisible = 0;
			defaultConfigurationName = Release;
		};
		6DB827BB20BF4A73005A3CBA /* Build configuration list for PBXNativeTarget "DevinoDemo" */ = {
			isa = XCConfigurationList;
			buildConfigurations = (
				6DB827BC20BF4A73005A3CBA /* Debug */,
				6DB827BD20BF4A73005A3CBA /* Release */,
			);
			defaultConfigurationIsVisible = 0;
			defaultConfigurationName = Release;
		};
		A33081E323587FE600A9CECB /* Build configuration list for PBXNativeTarget "NotificationService" */ = {
			isa = XCConfigurationList;
			buildConfigurations = (
				A33081E423587FE600A9CECB /* Debug */,
				A33081E523587FE600A9CECB /* Release */,
			);
			defaultConfigurationIsVisible = 0;
			defaultConfigurationName = Release;
		};
/* End XCConfigurationList section */

/* Begin XCRemoteSwiftPackageReference section */
		329AD6022A87EF43008AA532 /* XCRemoteSwiftPackageReference "IQKeyboardManager" */ = {
			isa = XCRemoteSwiftPackageReference;
			repositoryURL = "https://github.com/hackiftekhar/IQKeyboardManager.git";
			requirement = {
				kind = upToNextMajorVersion;
				minimumVersion = 6.0.0;
			};
		};
/* End XCRemoteSwiftPackageReference section */

/* Begin XCSwiftPackageProductDependency section */
		329AD6032A87EF43008AA532 /* IQKeyboardManagerSwift */ = {
			isa = XCSwiftPackageProductDependency;
			package = 329AD6022A87EF43008AA532 /* XCRemoteSwiftPackageReference "IQKeyboardManager" */;
			productName = IQKeyboardManagerSwift;
		};
/* End XCSwiftPackageProductDependency section */
	};
	rootObject = 6DB827A120BF4A72005A3CBA /* Project object */;
}
